// !$*UTF8*$!
{
	archiveVersion = 1;
	classes = {
	};
	objectVersion = 50;
	objects = {

/* Begin PBXBuildFile section */
		12D316D521047464003FA1CF /* AppDelegate.m in Sources */ = {isa = PBXBuildFile; fileRef = 12D316D421047464003FA1CF /* AppDelegate.m */; };
		12D316D821047464003FA1CF /* MasterViewController.m in Sources */ = {isa = PBXBuildFile; fileRef = 12D316D721047464003FA1CF /* MasterViewController.m */; };
		12D316DB21047464003FA1CF /* DetailViewController.m in Sources */ = {isa = PBXBuildFile; fileRef = 12D316DA21047464003FA1CF /* DetailViewController.m */; };
		12D316DE21047464003FA1CF /* Main.storyboard in Resources */ = {isa = PBXBuildFile; fileRef = 12D316DC21047464003FA1CF /* Main.storyboard */; };
		12D316E021047465003FA1CF /* Assets.xcassets in Resources */ = {isa = PBXBuildFile; fileRef = 12D316DF21047465003FA1CF /* Assets.xcassets */; };
		12D316E321047465003FA1CF /* LaunchScreen.storyboard in Resources */ = {isa = PBXBuildFile; fileRef = 12D316E121047465003FA1CF /* LaunchScreen.storyboard */; };
		12D316E621047465003FA1CF /* main.m in Sources */ = {isa = PBXBuildFile; fileRef = 12D316E521047465003FA1CF /* main.m */; };
		12D316F021047465003FA1CF /* helloTests.m in Sources */ = {isa = PBXBuildFile; fileRef = 12D316EF21047465003FA1CF /* helloTests.m */; };
		12D316FB21047465003FA1CF /* helloUITests.m in Sources */ = {isa = PBXBuildFile; fileRef = 12D316FA21047465003FA1CF /* helloUITests.m */; };
/* End PBXBuildFile section */

/* Begin PBXContainerItemProxy section */
		12D316EC21047465003FA1CF /* PBXContainerItemProxy */ = {
			isa = PBXContainerItemProxy;
			containerPortal = 12D316C821047464003FA1CF /* Project object */;
			proxyType = 1;
			remoteGlobalIDString = 12D316CF21047464003FA1CF;
			remoteInfo = hello;
		};
		12D316F721047465003FA1CF /* PBXContainerItemProxy */ = {
			isa = PBXContainerItemProxy;
			containerPortal = 12D316C821047464003FA1CF /* Project object */;
			proxyType = 1;
			remoteGlobalIDString = 12D316CF21047464003FA1CF;
			remoteInfo = hello;
		};
/* End PBXContainerItemProxy section */

/* Begin PBXFileReference section */
		12D316D021047464003FA1CF /* hello.app */ = {isa = PBXFileReference; explicitFileType = wrapper.application; includeInIndex = 0; path = hello.app; sourceTree = BUILT_PRODUCTS_DIR; };
		12D316D321047464003FA1CF /* AppDelegate.h */ = {isa = PBXFileReference; lastKnownFileType = sourcecode.c.h; path = AppDelegate.h; sourceTree = "<group>"; };
		12D316D421047464003FA1CF /* AppDelegate.m */ = {isa = PBXFileReference; lastKnownFileType = sourcecode.c.objc; path = AppDelegate.m; sourceTree = "<group>"; };
		12D316D621047464003FA1CF /* MasterViewController.h */ = {isa = PBXFileReference; lastKnownFileType = sourcecode.c.h; path = MasterViewController.h; sourceTree = "<group>"; };
		12D316D721047464003FA1CF /* MasterViewController.m */ = {isa = PBXFileReference; lastKnownFileType = sourcecode.c.objc; path = MasterViewController.m; sourceTree = "<group>"; };
		12D316D921047464003FA1CF /* DetailViewController.h */ = {isa = PBXFileReference; lastKnownFileType = sourcecode.c.h; path = DetailViewController.h; sourceTree = "<group>"; };
		12D316DA21047464003FA1CF /* DetailViewController.m */ = {isa = PBXFileReference; lastKnownFileType = sourcecode.c.objc; path = DetailViewController.m; sourceTree = "<group>"; };
		12D316DD21047464003FA1CF /* Base */ = {isa = PBXFileReference; lastKnownFileType = file.storyboard; name = Base; path = Base.lproj/Main.storyboard; sourceTree = "<group>"; };
		12D316DF21047465003FA1CF /* Assets.xcassets */ = {isa = PBXFileReference; lastKnownFileType = folder.assetcatalog; path = Assets.xcassets; sourceTree = "<group>"; };
		12D316E221047465003FA1CF /* Base */ = {isa = PBXFileReference; lastKnownFileType = file.storyboard; name = Base; path = Base.lproj/LaunchScreen.storyboard; sourceTree = "<group>"; };
		12D316E421047465003FA1CF /* Info.plist */ = {isa = PBXFileReference; lastKnownFileType = text.plist.xml; path = Info.plist; sourceTree = "<group>"; };
		12D316E521047465003FA1CF /* main.m */ = {isa = PBXFileReference; lastKnownFileType = sourcecode.c.objc; path = main.m; sourceTree = "<group>"; };
		12D316EB21047465003FA1CF /* helloTests.xctest */ = {isa = PBXFileReference; explicitFileType = wrapper.cfbundle; includeInIndex = 0; path = helloTests.xctest; sourceTree = BUILT_PRODUCTS_DIR; };
		12D316EF21047465003FA1CF /* helloTests.m */ = {isa = PBXFileReference; lastKnownFileType = sourcecode.c.objc; path = helloTests.m; sourceTree = "<group>"; };
		12D316F121047465003FA1CF /* Info.plist */ = {isa = PBXFileReference; lastKnownFileType = text.plist.xml; path = Info.plist; sourceTree = "<group>"; };
		12D316F621047465003FA1CF /* helloUITests.xctest */ = {isa = PBXFileReference; explicitFileType = wrapper.cfbundle; includeInIndex = 0; path = helloUITests.xctest; sourceTree = BUILT_PRODUCTS_DIR; };
		12D316FA21047465003FA1CF /* helloUITests.m */ = {isa = PBXFileReference; lastKnownFileType = sourcecode.c.objc; path = helloUITests.m; sourceTree = "<group>"; };
		12D316FC21047465003FA1CF /* Info.plist */ = {isa = PBXFileReference; lastKnownFileType = text.plist.xml; path = Info.plist; sourceTree = "<group>"; };
/* End PBXFileReference section */

/* Begin PBXFrameworksBuildPhase section */
		12D316CD21047464003FA1CF /* Frameworks */ = {
			isa = PBXFrameworksBuildPhase;
			buildActionMask = 2147483647;
			files = (
			);
			runOnlyForDeploymentPostprocessing = 0;
		};
		12D316E821047465003FA1CF /* Frameworks */ = {
			isa = PBXFrameworksBuildPhase;
			buildActionMask = 2147483647;
			files = (
			);
			runOnlyForDeploymentPostprocessing = 0;
		};
		12D316F321047465003FA1CF /* Frameworks */ = {
			isa = PBXFrameworksBuildPhase;
			buildActionMask = 2147483647;
			files = (
			);
			runOnlyForDeploymentPostprocessing = 0;
		};
/* End PBXFrameworksBuildPhase section */

/* Begin PBXGroup section */
		12D316C721047464003FA1CF = {
			isa = PBXGroup;
			children = (
				12D316D221047464003FA1CF /* hello */,
				12D316EE21047465003FA1CF /* helloTests */,
				12D316F921047465003FA1CF /* helloUITests */,
				12D316D121047464003FA1CF /* Products */,
			);
			sourceTree = "<group>";
		};
		12D316D121047464003FA1CF /* Products */ = {
			isa = PBXGroup;
			children = (
				12D316D021047464003FA1CF /* hello.app */,
				12D316EB21047465003FA1CF /* helloTests.xctest */,
				12D316F621047465003FA1CF /* helloUITests.xctest */,
			);
			name = Products;
			sourceTree = "<group>";
		};
		12D316D221047464003FA1CF /* hello */ = {
			isa = PBXGroup;
			children = (
				12D316D321047464003FA1CF /* AppDelegate.h */,
				12D316D421047464003FA1CF /* AppDelegate.m */,
				12D316D621047464003FA1CF /* MasterViewController.h */,
				12D316D721047464003FA1CF /* MasterViewController.m */,
				12D316D921047464003FA1CF /* DetailViewController.h */,
				12D316DA21047464003FA1CF /* DetailViewController.m */,
				12D316DC21047464003FA1CF /* Main.storyboard */,
				12D316DF21047465003FA1CF /* Assets.xcassets */,
				12D316E121047465003FA1CF /* LaunchScreen.storyboard */,
				12D316E421047465003FA1CF /* Info.plist */,
				12D316E521047465003FA1CF /* main.m */,
			);
			path = hello;
			sourceTree = "<group>";
		};
		12D316EE21047465003FA1CF /* helloTests */ = {
			isa = PBXGroup;
			children = (
				12D316EF21047465003FA1CF /* helloTests.m */,
				12D316F121047465003FA1CF /* Info.plist */,
			);
			path = helloTests;
			sourceTree = "<group>";
		};
		12D316F921047465003FA1CF /* helloUITests */ = {
			isa = PBXGroup;
			children = (
				12D316FA21047465003FA1CF /* helloUITests.m */,
				12D316FC21047465003FA1CF /* Info.plist */,
			);
			path = helloUITests;
			sourceTree = "<group>";
		};
/* End PBXGroup section */

/* Begin PBXNativeTarget section */
		12D316CF21047464003FA1CF /* hello */ = {
			isa = PBXNativeTarget;
			buildConfigurationList = 12D316FF21047465003FA1CF /* Build configuration list for PBXNativeTarget "hello" */;
			buildPhases = (
				12D316CC21047464003FA1CF /* Sources */,
				12D316CD21047464003FA1CF /* Frameworks */,
				12D316CE21047464003FA1CF /* Resources */,
			);
			buildRules = (
			);
			dependencies = (
			);
			name = hello;
			productName = hello;
			productReference = 12D316D021047464003FA1CF /* hello.app */;
			productType = "com.apple.product-type.application";
		};
		12D316EA21047465003FA1CF /* helloTests */ = {
			isa = PBXNativeTarget;
			buildConfigurationList = 12D3170221047465003FA1CF /* Build configuration list for PBXNativeTarget "helloTests" */;
			buildPhases = (
				12D316E721047465003FA1CF /* Sources */,
				12D316E821047465003FA1CF /* Frameworks */,
				12D316E921047465003FA1CF /* Resources */,
			);
			buildRules = (
			);
			dependencies = (
				12D316ED21047465003FA1CF /* PBXTargetDependency */,
			);
			name = helloTests;
			productName = helloTests;
			productReference = 12D316EB21047465003FA1CF /* helloTests.xctest */;
			productType = "com.apple.product-type.bundle.unit-test";
		};
		12D316F521047465003FA1CF /* helloUITests */ = {
			isa = PBXNativeTarget;
			buildConfigurationList = 12D3170521047465003FA1CF /* Build configuration list for PBXNativeTarget "helloUITests" */;
			buildPhases = (
				12D316F221047465003FA1CF /* Sources */,
				12D316F321047465003FA1CF /* Frameworks */,
				12D316F421047465003FA1CF /* Resources */,
			);
			buildRules = (
			);
			dependencies = (
				12D316F821047465003FA1CF /* PBXTargetDependency */,
			);
			name = helloUITests;
			productName = helloUITests;
			productReference = 12D316F621047465003FA1CF /* helloUITests.xctest */;
			productType = "com.apple.product-type.bundle.ui-testing";
		};
/* End PBXNativeTarget section */

/* Begin PBXProject section */
		12D316C821047464003FA1CF /* Project object */ = {
			isa = PBXProject;
			attributes = {
				LastUpgradeCheck = 0940;
				ORGANIZATIONNAME = "杨世锐";
				TargetAttributes = {
					12D316CF21047464003FA1CF = {
						CreatedOnToolsVersion = 9.4.1;
					};
					12D316EA21047465003FA1CF = {
						CreatedOnToolsVersion = 9.4.1;
						TestTargetID = 12D316CF21047464003FA1CF;
					};
					12D316F521047465003FA1CF = {
						CreatedOnToolsVersion = 9.4.1;
						TestTargetID = 12D316CF21047464003FA1CF;
					};
				};
			};
			buildConfigurationList = 12D316CB21047464003FA1CF /* Build configuration list for PBXProject "hello" */;
			compatibilityVersion = "Xcode 9.3";
			developmentRegion = en;
			hasScannedForEncodings = 0;
			knownRegions = (
				en,
				Base,
			);
			mainGroup = 12D316C721047464003FA1CF;
			productRefGroup = 12D316D121047464003FA1CF /* Products */;
			projectDirPath = "";
			projectRoot = "";
			targets = (
				12D316CF21047464003FA1CF /* hello */,
				12D316EA21047465003FA1CF /* helloTests */,
				12D316F521047465003FA1CF /* helloUITests */,
			);
		};
/* End PBXProject section */

/* Begin PBXResourcesBuildPhase section */
		12D316CE21047464003FA1CF /* Resources */ = {
			isa = PBXResourcesBuildPhase;
			buildActionMask = 2147483647;
			files = (
				12D316E321047465003FA1CF /* LaunchScreen.storyboard in Resources */,
				12D316E021047465003FA1CF /* Assets.xcassets in Resources */,
				12D316DE21047464003FA1CF /* Main.storyboard in Resources */,
			);
			runOnlyForDeploymentPostprocessing = 0;
		};
		12D316E921047465003FA1CF /* Resources */ = {
			isa = PBXResourcesBuildPhase;
			buildActionMask = 2147483647;
			files = (
			);
			runOnlyForDeploymentPostprocessing = 0;
		};
		12D316F421047465003FA1CF /* Resources */ = {
			isa = PBXResourcesBuildPhase;
			buildActionMask = 2147483647;
			files = (
			);
			runOnlyForDeploymentPostprocessing = 0;
		};
/* End PBXResourcesBuildPhase section */

/* Begin PBXSourcesBuildPhase section */
		12D316CC21047464003FA1CF /* Sources */ = {
			isa = PBXSourcesBuildPhase;
			buildActionMask = 2147483647;
			files = (
				12D316D821047464003FA1CF /* MasterViewController.m in Sources */,
				12D316D521047464003FA1CF /* AppDelegate.m in Sources */,
				12D316E621047465003FA1CF /* main.m in Sources */,
				12D316DB21047464003FA1CF /* DetailViewController.m in Sources */,
			);
			runOnlyForDeploymentPostprocessing = 0;
		};
		12D316E721047465003FA1CF /* Sources */ = {
			isa = PBXSourcesBuildPhase;
			buildActionMask = 2147483647;
			files = (
				12D316F021047465003FA1CF /* helloTests.m in Sources */,
			);
			runOnlyForDeploymentPostprocessing = 0;
		};
		12D316F221047465003FA1CF /* Sources */ = {
			isa = PBXSourcesBuildPhase;
			buildActionMask = 2147483647;
			files = (
				12D316FB21047465003FA1CF /* helloUITests.m in Sources */,
			);
			runOnlyForDeploymentPostprocessing = 0;
		};
/* End PBXSourcesBuildPhase section */

/* Begin PBXTargetDependency section */
		12D316ED21047465003FA1CF /* PBXTargetDependency */ = {
			isa = PBXTargetDependency;
			target = 12D316CF21047464003FA1CF /* hello */;
			targetProxy = 12D316EC21047465003FA1CF /* PBXContainerItemProxy */;
		};
		12D316F821047465003FA1CF /* PBXTargetDependency */ = {
			isa = PBXTargetDependency;
			target = 12D316CF21047464003FA1CF /* hello */;
			targetProxy = 12D316F721047465003FA1CF /* PBXContainerItemProxy */;
		};
/* End PBXTargetDependency section */

/* Begin PBXVariantGroup section */
		12D316DC21047464003FA1CF /* Main.storyboard */ = {
			isa = PBXVariantGroup;
			children = (
				12D316DD21047464003FA1CF /* Base */,
			);
			name = Main.storyboard;
			sourceTree = "<group>";
		};
		12D316E121047465003FA1CF /* LaunchScreen.storyboard */ = {
			isa = PBXVariantGroup;
			children = (
				12D316E221047465003FA1CF /* Base */,
			);
			name = LaunchScreen.storyboard;
			sourceTree = "<group>";
		};
/* End PBXVariantGroup section */

/* Begin XCBuildConfiguration section */
		12D316FD21047465003FA1CF /* Debug */ = {
			isa = XCBuildConfiguration;
			buildSettings = {
				ALWAYS_SEARCH_USER_PATHS = NO;
				CLANG_ANALYZER_NONNULL = YES;
				CLANG_ANALYZER_NUMBER_OBJECT_CONVERSION = YES_AGGRESSIVE;
				CLANG_CXX_LANGUAGE_STANDARD = "gnu++14";
				CLANG_CXX_LIBRARY = "libc++";
				CLANG_ENABLE_MODULES = YES;
				CLANG_ENABLE_OBJC_ARC = YES;
				CLANG_ENABLE_OBJC_WEAK = YES;
				CLANG_WARN_BLOCK_CAPTURE_AUTORELEASING = YES;
				CLANG_WARN_BOOL_CONVERSION = YES;
				CLANG_WARN_COMMA = YES;
				CLANG_WARN_CONSTANT_CONVERSION = YES;
				CLANG_WARN_DEPRECATED_OBJC_IMPLEMENTATIONS = YES;
				CLANG_WARN_DIRECT_OBJC_ISA_USAGE = YES_ERROR;
				CLANG_WARN_DOCUMENTATION_COMMENTS = YES;
				CLANG_WARN_EMPTY_BODY = YES;
				CLANG_WARN_ENUM_CONVERSION = YES;
				CLANG_WARN_INFINITE_RECURSION = YES;
				CLANG_WARN_INT_CONVERSION = YES;
				CLANG_WARN_NON_LITERAL_NULL_CONVERSION = YES;
				CLANG_WARN_OBJC_IMPLICIT_RETAIN_SELF = YES;
				CLANG_WARN_OBJC_LITERAL_CONVERSION = YES;
				CLANG_WARN_OBJC_ROOT_CLASS = YES_ERROR;
				CLANG_WARN_RANGE_LOOP_ANALYSIS = YES;
				CLANG_WARN_STRICT_PROTOTYPES = YES;
				CLANG_WARN_SUSPICIOUS_MOVE = YES;
				CLANG_WARN_UNGUARDED_AVAILABILITY = YES_AGGRESSIVE;
				CLANG_WARN_UNREACHABLE_CODE = YES;
				CLANG_WARN__DUPLICATE_METHOD_MATCH = YES;
				CODE_SIGN_IDENTITY = "iPhone Developer";
				COPY_PHASE_STRIP = NO;
				DEBUG_INFORMATION_FORMAT = dwarf;
				ENABLE_STRICT_OBJC_MSGSEND = YES;
				ENABLE_TESTABILITY = YES;
				GCC_C_LANGUAGE_STANDARD = gnu11;
				GCC_DYNAMIC_NO_PIC = NO;
				GCC_NO_COMMON_BLOCKS = YES;
				GCC_OPTIMIZATION_LEVEL = 0;
				GCC_PREPROCESSOR_DEFINITIONS = (
					"DEBUG=1",
					"$(inherited)",
				);
				GCC_WARN_64_TO_32_BIT_CONVERSION = YES;
				GCC_WARN_ABOUT_RETURN_TYPE = YES_ERROR;
				GCC_WARN_UNDECLARED_SELECTOR = YES;
				GCC_WARN_UNINITIALIZED_AUTOS = YES_AGGRESSIVE;
				GCC_WARN_UNUSED_FUNCTION = YES;
				GCC_WARN_UNUSED_VARIABLE = YES;
				IPHONEOS_DEPLOYMENT_TARGET = 11.4;
				MTL_ENABLE_DEBUG_INFO = YES;
				ONLY_ACTIVE_ARCH = YES;
				SDKROOT = iphoneos;
			};
			name = Debug;
		};
		12D316FE21047465003FA1CF /* Release */ = {
			isa = XCBuildConfiguration;
			buildSettings = {
				ALWAYS_SEARCH_USER_PATHS = NO;
				CLANG_ANALYZER_NONNULL = YES;
				CLANG_ANALYZER_NUMBER_OBJECT_CONVERSION = YES_AGGRESSIVE;
				CLANG_CXX_LANGUAGE_STANDARD = "gnu++14";
				CLANG_CXX_LIBRARY = "libc++";
				CLANG_ENABLE_MODULES = YES;
				CLANG_ENABLE_OBJC_ARC = YES;
				CLANG_ENABLE_OBJC_WEAK = YES;
				CLANG_WARN_BLOCK_CAPTURE_AUTORELEASING = YES;
				CLANG_WARN_BOOL_CONVERSION = YES;
				CLANG_WARN_COMMA = YES;
				CLANG_WARN_CONSTANT_CONVERSION = YES;
				CLANG_WARN_DEPRECATED_OBJC_IMPLEMENTATIONS = YES;
				CLANG_WARN_DIRECT_OBJC_ISA_USAGE = YES_ERROR;
				CLANG_WARN_DOCUMENTATION_COMMENTS = YES;
				CLANG_WARN_EMPTY_BODY = YES;
				CLANG_WARN_ENUM_CONVERSION = YES;
				CLANG_WARN_INFINITE_RECURSION = YES;
				CLANG_WARN_INT_CONVERSION = YES;
				CLANG_WARN_NON_LITERAL_NULL_CONVERSION = YES;
				CLANG_WARN_OBJC_IMPLICIT_RETAIN_SELF = YES;
				CLANG_WARN_OBJC_LITERAL_CONVERSION = YES;
				CLANG_WARN_OBJC_ROOT_CLASS = YES_ERROR;
				CLANG_WARN_RANGE_LOOP_ANALYSIS = YES;
				CLANG_WARN_STRICT_PROTOTYPES = YES;
				CLANG_WARN_SUSPICIOUS_MOVE = YES;
				CLANG_WARN_UNGUARDED_AVAILABILITY = YES_AGGRESSIVE;
				CLANG_WARN_UNREACHABLE_CODE = YES;
				CLANG_WARN__DUPLICATE_METHOD_MATCH = YES;
				CODE_SIGN_IDENTITY = "iPhone Developer";
				COPY_PHASE_STRIP = NO;
				DEBUG_INFORMATION_FORMAT = "dwarf-with-dsym";
				ENABLE_NS_ASSERTIONS = NO;
				ENABLE_STRICT_OBJC_MSGSEND = YES;
				GCC_C_LANGUAGE_STANDARD = gnu11;
				GCC_NO_COMMON_BLOCKS = YES;
				GCC_WARN_64_TO_32_BIT_CONVERSION = YES;
				GCC_WARN_ABOUT_RETURN_TYPE = YES_ERROR;
				GCC_WARN_UNDECLARED_SELECTOR = YES;
				GCC_WARN_UNINITIALIZED_AUTOS = YES_AGGRESSIVE;
				GCC_WARN_UNUSED_FUNCTION = YES;
				GCC_WARN_UNUSED_VARIABLE = YES;
				IPHONEOS_DEPLOYMENT_TARGET = 11.4;
				MTL_ENABLE_DEBUG_INFO = NO;
				SDKROOT = iphoneos;
				VALIDATE_PRODUCT = YES;
			};
			name = Release;
		};
		12D3170021047465003FA1CF /* Debug */ = {
			isa = XCBuildConfiguration;
			buildSettings = {
				ASSETCATALOG_COMPILER_APPICON_NAME = AppIcon;
				CODE_SIGN_STYLE = Automatic;
				INFOPLIST_FILE = hello/Info.plist;
				LD_RUNPATH_SEARCH_PATHS = (
					"$(inherited)",
					"@executable_path/Frameworks",
				);
				PRODUCT_BUNDLE_IDENTIFIER = com.yang.hello;
				PRODUCT_NAME = "$(TARGET_NAME)";
				TARGETED_DEVICE_FAMILY = "1,2";
			};
			name = Debug;
		};
		12D3170121047465003FA1CF /* Release */ = {
			isa = XCBuildConfiguration;
			buildSettings = {
				ASSETCATALOG_COMPILER_APPICON_NAME = AppIcon;
				CODE_SIGN_STYLE = Automatic;
				INFOPLIST_FILE = hello/Info.plist;
				LD_RUNPATH_SEARCH_PATHS = (
					"$(inherited)",
					"@executable_path/Frameworks",
				);
				PRODUCT_BUNDLE_IDENTIFIER = com.yang.hello;
				PRODUCT_NAME = "$(TARGET_NAME)";
				TARGETED_DEVICE_FAMILY = "1,2";
			};
			name = Release;
		};
		12D3170321047465003FA1CF /* Debug */ = {
			isa = XCBuildConfiguration;
			buildSettings = {
				BUNDLE_LOADER = "$(TEST_HOST)";
				CODE_SIGN_STYLE = Automatic;
				INFOPLIST_FILE = helloTests/Info.plist;
				LD_RUNPATH_SEARCH_PATHS = (
					"$(inherited)",
					"@executable_path/Frameworks",
					"@loader_path/Frameworks",
				);
				PRODUCT_BUNDLE_IDENTIFIER = com.yang.helloTests;
				PRODUCT_NAME = "$(TARGET_NAME)";
				TARGETED_DEVICE_FAMILY = "1,2";
				TEST_HOST = "$(BUILT_PRODUCTS_DIR)/hello.app/hello";
			};
			name = Debug;
		};
		12D3170421047465003FA1CF /* Release */ = {
			isa = XCBuildConfiguration;
			buildSettings = {
				BUNDLE_LOADER = "$(TEST_HOST)";
				CODE_SIGN_STYLE = Automatic;
				INFOPLIST_FILE = helloTests/Info.plist;
				LD_RUNPATH_SEARCH_PATHS = (
					"$(inherited)",
					"@executable_path/Frameworks",
					"@loader_path/Frameworks",
				);
				PRODUCT_BUNDLE_IDENTIFIER = com.yang.helloTests;
				PRODUCT_NAME = "$(TARGET_NAME)";
				TARGETED_DEVICE_FAMILY = "1,2";
				TEST_HOST = "$(BUILT_PRODUCTS_DIR)/hello.app/hello";
			};
			name = Release;
		};
		12D3170621047465003FA1CF /* Debug */ = {
			isa = XCBuildConfiguration;
			buildSettings = {
				CODE_SIGN_STYLE = Automatic;
				INFOPLIST_FILE = helloUITests/Info.plist;
				LD_RUNPATH_SEARCH_PATHS = (
					"$(inherited)",
					"@executable_path/Frameworks",
					"@loader_path/Frameworks",
				);
				PRODUCT_BUNDLE_IDENTIFIER = com.yang.helloUITests;
				PRODUCT_NAME = "$(TARGET_NAME)";
				TARGETED_DEVICE_FAMILY = "1,2";
				TEST_TARGET_NAME = hello;
			};
			name = Debug;
		};
		12D3170721047465003FA1CF /* Release */ = {
			isa = XCBuildConfiguration;
			buildSettings = {
				CODE_SIGN_STYLE = Automatic;
				INFOPLIST_FILE = helloUITests/Info.plist;
				LD_RUNPATH_SEARCH_PATHS = (
					"$(inherited)",
					"@executable_path/Frameworks",
					"@loader_path/Frameworks",
				);
				PRODUCT_BUNDLE_IDENTIFIER = com.yang.helloUITests;
				PRODUCT_NAME = "$(TARGET_NAME)";
				TARGETED_DEVICE_FAMILY = "1,2";
				TEST_TARGET_NAME = hello;
			};
			name = Release;
		};
/* End XCBuildConfiguration section */

/* Begin XCConfigurationList section */
		12D316CB21047464003FA1CF /* Build configuration list for PBXProject "hello" */ = {
			isa = XCConfigurationList;
			buildConfigurations = (
				12D316FD21047465003FA1CF /* Debug */,
				12D316FE21047465003FA1CF /* Release */,
			);
			defaultConfigurationIsVisible = 0;
			defaultConfigurationName = Release;
		};
		12D316FF21047465003FA1CF /* Build configuration list for PBXNativeTarget "hello" */ = {
			isa = XCConfigurationList;
			buildConfigurations = (
				12D3170021047465003FA1CF /* Debug */,
				12D3170121047465003FA1CF /* Release */,
			);
			defaultConfigurationIsVisible = 0;
			defaultConfigurationName = Release;
		};
		12D3170221047465003FA1CF /* Build configuration list for PBXNativeTarget "helloTests" */ = {
			isa = XCConfigurationList;
			buildConfigurations = (
				12D3170321047465003FA1CF /* Debug */,
				12D3170421047465003FA1CF /* Release */,
			);
			defaultConfigurationIsVisible = 0;
			defaultConfigurationName = Release;
		};
		12D3170521047465003FA1CF /* Build configuration list for PBXNativeTarget "helloUITests" */ = {
			isa = XCConfigurationList;
			buildConfigurations = (
				12D3170621047465003FA1CF /* Debug */,
				12D3170721047465003FA1CF /* Release */,
			);
			defaultConfigurationIsVisible = 0;
			defaultConfigurationName = Release;
		};
/* End XCConfigurationList section */
	};
	rootObject = 12D316C821047464003FA1CF /* Project object */;
}
